
Microsoft Visual Studio Solution File, Format Version 12.00
# Visual Studio Version 16
VisualStudioVersion = 16.0.29519.87
MinimumVisualStudioVersion = 10.0.40219.1
Project("{FAE04EC0-301F-11D3-BF4B-00C04F79EFBC}") = "SeleniumByteSizedTutorial", "SeleniumByteSizedTutorial\SeleniumByteSizedTutorial.csproj", "{31B70FB5-285A-44FC-86AC-BDDA21BB58D5}"
EndProject
Global
	GlobalSection(SolutionConfigurationPlatforms) = preSolution
		Debug|Any CPU = Debug|Any CPU
		Release|Any CPU = Release|Any CPU
	EndGlobalSection
	GlobalSection(ProjectConfigurationPlatforms) = postSolution
		{31B70FB5-285A-44FC-86AC-BDDA21BB58D5}.Debug|Any CPU.ActiveCfg = Debug|Any CPU
		{31B70FB5-285A-44FC-86AC-BDDA21BB58D5}.Debug|Any CPU.Build.0 = Debug|Any CPU
		{31B70FB5-285A-44FC-86AC-BDDA21BB58D5}.Release|Any CPU.ActiveCfg = Release|Any CPU
		{31B70FB5-285A-44FC-86AC-BDDA21BB58D5}.Release|Any CPU.Build.0 = Release|Any CPU
	EndGlobalSection
	GlobalSection(SolutionProperties) = preSolution
		HideSolutionNode = FALSE
	EndGlobalSection
	GlobalSection(ExtensibilityGlobals) = postSolution
		SolutionGuid = {F50272D7-4A66-4F7B-92EA-C9AD33C2028E}
	EndGlobalSection
EndGlobal
